
Microsoft Visual Studio Solution File, Format Version 12.00
Project("{FAE04EC0-301F-11D3-BF4B-00C04F79EFBC}") = "CorsoASP.Core", "CorsoASP.Core\CorsoASP.Core.csproj", "{B1A067B5-66D2-4CE7-813A-065E18B61CA2}"
EndProject
Project("{FAE04EC0-301F-11D3-BF4B-00C04F79EFBC}") = "CorsoASP.Infrastructure", "CorsoASP.Infrastructure\CorsoASP.Infrastructure.csproj", "{01E45F71-2607-4DBF-AB53-DD5FB3497CDE}"
EndProject
Project("{FAE04EC0-301F-11D3-BF4B-00C04F79EFBC}") = "CorsoASP.UI", "CorsoASP.UI\CorsoASP.UI.csproj", "{38FACBEA-F6F7-42C0-82C4-F4AB45D668B8}"
EndProject
Global
	GlobalSection(SolutionConfigurationPlatforms) = preSolution
		Debug|Any CPU = Debug|Any CPU
		Release|Any CPU = Release|Any CPU
	EndGlobalSection
	GlobalSection(ProjectConfigurationPlatforms) = postSolution
		{B1A067B5-66D2-4CE7-813A-065E18B61CA2}.Debug|Any CPU.ActiveCfg = Debug|Any CPU
		{B1A067B5-66D2-4CE7-813A-065E18B61CA2}.Debug|Any CPU.Build.0 = Debug|Any CPU
		{B1A067B5-66D2-4CE7-813A-065E18B61CA2}.Release|Any CPU.ActiveCfg = Release|Any CPU
		{B1A067B5-66D2-4CE7-813A-065E18B61CA2}.Release|Any CPU.Build.0 = Release|Any CPU
		{01E45F71-2607-4DBF-AB53-DD5FB3497CDE}.Debug|Any CPU.ActiveCfg = Debug|Any CPU
		{01E45F71-2607-4DBF-AB53-DD5FB3497CDE}.Debug|Any CPU.Build.0 = Debug|Any CPU
		{01E45F71-2607-4DBF-AB53-DD5FB3497CDE}.Release|Any CPU.ActiveCfg = Release|Any CPU
		{01E45F71-2607-4DBF-AB53-DD5FB3497CDE}.Release|Any CPU.Build.0 = Release|Any CPU
		{38FACBEA-F6F7-42C0-82C4-F4AB45D668B8}.Debug|Any CPU.ActiveCfg = Debug|Any CPU
		{38FACBEA-F6F7-42C0-82C4-F4AB45D668B8}.Debug|Any CPU.Build.0 = Debug|Any CPU
		{38FACBEA-F6F7-42C0-82C4-F4AB45D668B8}.Release|Any CPU.ActiveCfg = Release|Any CPU
		{38FACBEA-F6F7-42C0-82C4-F4AB45D668B8}.Release|Any CPU.Build.0 = Release|Any CPU
	EndGlobalSection
EndGlobal
